{
  "name": "bench-x",
  "version": "1.0.0",
  "lockfileVersion": 1,
  "requires": true,
  "dependencies": {
    "@vertx/core": {
      "version": "3.8.0",
      "resolved": "https://registry.npmjs.org/@vertx/core/-/core-3.8.0.tgz",
      "integrity": "sha512-rEjBhOZ1H7QMTo218XQ/S1BKXkNGiOiHglkpEx3SrxsGSQmpVx89o+6OCbAMtiXwaEAw2S1491VnDsJ9/p0fLA=="
    },
    "@vertx/unit": {
      "version": "3.8.0",
      "resolved": "https://registry.npmjs.org/@vertx/unit/-/unit-3.8.0.tgz",
      "integrity": "sha512-tChgtdPUT7WKa+jVG9Uk9HjSKbpKkz8DiiUnm7LyCrfq9AR/N8upcfIZjIMLy/ZZ0/krBEuN3t5ZtPrgwlW5iw==",
      "dev": true,
      "requires": {
        "@vertx/core": "3.8.0"
      }
    }
  }
}
